
Microsoft Visual Studio Solution File, Format Version 12.00
# Visual Studio Version 16
VisualStudioVersion = 16.0.30114.105
MinimumVisualStudioVersion = 10.0.40219.1
Project("{FAE04EC0-301F-11D3-BF4B-00C04F79EFBC}") = "wordle", "wordle\wordle.csproj", "{D4DE996F-2916-46D9-82B5-0A16D840B603}"
EndProject
Project("{FAE04EC0-301F-11D3-BF4B-00C04F79EFBC}") = "wordle.tests", "wordle.tests\wordle.tests.csproj", "{B127E2D6-D868-4EBE-B7D2-4B435B66D409}"
EndProject
Project("{FAE04EC0-301F-11D3-BF4B-00C04F79EFBC}") = "Wordle.Console", "Wordle.Console\Wordle.Console.csproj", "{C3CE82E3-6401-46DC-B780-EF00D4859B71}"
EndProject
Global
	GlobalSection(SolutionConfigurationPlatforms) = preSolution
		Debug|Any CPU = Debug|Any CPU
		Release|Any CPU = Release|Any CPU
	EndGlobalSection
	GlobalSection(SolutionProperties) = preSolution
		HideSolutionNode = FALSE
	EndGlobalSection
	GlobalSection(ProjectConfigurationPlatforms) = postSolution
		{D4DE996F-2916-46D9-82B5-0A16D840B603}.Debug|Any CPU.ActiveCfg = Debug|Any CPU
		{D4DE996F-2916-46D9-82B5-0A16D840B603}.Debug|Any CPU.Build.0 = Debug|Any CPU
		{D4DE996F-2916-46D9-82B5-0A16D840B603}.Release|Any CPU.ActiveCfg = Release|Any CPU
		{D4DE996F-2916-46D9-82B5-0A16D840B603}.Release|Any CPU.Build.0 = Release|Any CPU
		{B127E2D6-D868-4EBE-B7D2-4B435B66D409}.Debug|Any CPU.ActiveCfg = Debug|Any CPU
		{B127E2D6-D868-4EBE-B7D2-4B435B66D409}.Debug|Any CPU.Build.0 = Debug|Any CPU
		{B127E2D6-D868-4EBE-B7D2-4B435B66D409}.Release|Any CPU.ActiveCfg = Release|Any CPU
		{B127E2D6-D868-4EBE-B7D2-4B435B66D409}.Release|Any CPU.Build.0 = Release|Any CPU
		{C3CE82E3-6401-46DC-B780-EF00D4859B71}.Debug|Any CPU.ActiveCfg = Debug|Any CPU
		{C3CE82E3-6401-46DC-B780-EF00D4859B71}.Debug|Any CPU.Build.0 = Debug|Any CPU
		{C3CE82E3-6401-46DC-B780-EF00D4859B71}.Release|Any CPU.ActiveCfg = Release|Any CPU
		{C3CE82E3-6401-46DC-B780-EF00D4859B71}.Release|Any CPU.Build.0 = Release|Any CPU
	EndGlobalSection
EndGlobal
